
Microsoft Visual Studio Solution File, Format Version 12.00
# Visual Studio 15
VisualStudioVersion = 15.0.26430.14
MinimumVisualStudioVersion = 10.0.40219.1
Project("{FAE04EC0-301F-11D3-BF4B-00C04F79EFBC}") = "TinPhongCompany", "TinPhongCompany\TinPhongCompany.csproj", "{76749B78-7E8B-4F73-A5E2-84A61662BE31}"
EndProject
Project("{FAE04EC0-301F-11D3-BF4B-00C04F79EFBC}") = "Model", "Model\Model.csproj", "{6C5B4934-352F-4BE0-8DF3-C841B1F807AF}"
EndProject
Global
	GlobalSection(SolutionConfigurationPlatforms) = preSolution
		Debug|Any CPU = Debug|Any CPU
		Release|Any CPU = Release|Any CPU
	EndGlobalSection
	GlobalSection(ProjectConfigurationPlatforms) = postSolution
		{76749B78-7E8B-4F73-A5E2-84A61662BE31}.Debug|Any CPU.ActiveCfg = Debug|Any CPU
		{76749B78-7E8B-4F73-A5E2-84A61662BE31}.Debug|Any CPU.Build.0 = Debug|Any CPU
		{76749B78-7E8B-4F73-A5E2-84A61662BE31}.Release|Any CPU.ActiveCfg = Release|Any CPU
		{76749B78-7E8B-4F73-A5E2-84A61662BE31}.Release|Any CPU.Build.0 = Release|Any CPU
		{6C5B4934-352F-4BE0-8DF3-C841B1F807AF}.Debug|Any CPU.ActiveCfg = Debug|Any CPU
		{6C5B4934-352F-4BE0-8DF3-C841B1F807AF}.Debug|Any CPU.Build.0 = Debug|Any CPU
		{6C5B4934-352F-4BE0-8DF3-C841B1F807AF}.Release|Any CPU.ActiveCfg = Release|Any CPU
		{6C5B4934-352F-4BE0-8DF3-C841B1F807AF}.Release|Any CPU.Build.0 = Release|Any CPU
	EndGlobalSection
	GlobalSection(SolutionProperties) = preSolution
		HideSolutionNode = FALSE
	EndGlobalSection
EndGlobal
